
Microsoft Visual Studio Solution File, Format Version 12.00
# Visual Studio Version 17
VisualStudioVersion = 17.13.35913.81
MinimumVisualStudioVersion = 10.0.40219.1
Project("{FAE04EC0-301F-11D3-BF4B-00C04F79EFBC}") = "BuildMonitor.Core", "BuildMonitor.Core\BuildMonitor.Core.csproj", "{DE3567CC-3FA4-4F55-A3AA-F220D6A49C1C}"
EndProject
Project("{FAE04EC0-301F-11D3-BF4B-00C04F79EFBC}") = "BuildMonitor.UI", "BuildMonitor.UI\BuildMonitor.UI.csproj", "{A210FEC6-E551-4017-9FA3-686C35E040F7}"
EndProject
Project("{FAE04EC0-301F-11D3-BF4B-00C04F79EFBC}") = "BuildMonitor.TfsOnline", "BuildMonitor.TfsOnline\BuildMonitor.TfsOnline.csproj", "{880B2245-47CD-4F52-A1AC-C014A87CADFC}"
EndProject
Project("{930C7802-8A8C-48F9-8165-68863BCCD9DD}") = "BuildMonitor.Setup", "BuildMonitor.Setup\BuildMonitor.Setup.wixproj", "{8F11FCD3-8C80-4937-87A9-D756B4A77103}"
EndProject
Project("{FAE04EC0-301F-11D3-BF4B-00C04F79EFBC}") = "BuildMonitor.TestApp", "BuildMonitor.TestApp\BuildMonitor.TestApp.csproj", "{348A9F74-0A5A-43F3-BEDD-E8AA871A099A}"
EndProject
Project("{2150E333-8FDC-42A3-9474-1A3956D46DE8}") = "Solution Items", "Solution Items", "{B82174C7-39FA-4821-97D6-2CD7AEC3DCF8}"
	ProjectSection(SolutionItems) = preProject
		.gitignore = .gitignore
		azure-pipelines.yml = azure-pipelines.yml
		Current.ver = Current.ver
		Directory.Build.props = Directory.Build.props
		README.md = README.md
		screenshot.png = screenshot.png
		VersionNotes.txt = VersionNotes.txt
	EndProjectSection
EndProject
Project("{FAE04EC0-301F-11D3-BF4B-00C04F79EFBC}") = "BuildMonitor.App", "BuildMonitor.App\BuildMonitor.App.csproj", "{8EBC2911-7950-4E5E-90E2-31EF866E8E89}"
EndProject
Global
	GlobalSection(SolutionConfigurationPlatforms) = preSolution
		Debug|Any CPU = Debug|Any CPU
		Debug|x86 = Debug|x86
		Release|Any CPU = Release|Any CPU
		Release|x86 = Release|x86
	EndGlobalSection
	GlobalSection(ProjectConfigurationPlatforms) = postSolution
		{DE3567CC-3FA4-4F55-A3AA-F220D6A49C1C}.Debug|Any CPU.ActiveCfg = Debug|Any CPU
		{DE3567CC-3FA4-4F55-A3AA-F220D6A49C1C}.Debug|Any CPU.Build.0 = Debug|Any CPU
		{DE3567CC-3FA4-4F55-A3AA-F220D6A49C1C}.Debug|x86.ActiveCfg = Debug|Any CPU
		{DE3567CC-3FA4-4F55-A3AA-F220D6A49C1C}.Debug|x86.Build.0 = Debug|Any CPU
		{DE3567CC-3FA4-4F55-A3AA-F220D6A49C1C}.Release|Any CPU.ActiveCfg = Release|Any CPU
		{DE3567CC-3FA4-4F55-A3AA-F220D6A49C1C}.Release|Any CPU.Build.0 = Release|Any CPU
		{DE3567CC-3FA4-4F55-A3AA-F220D6A49C1C}.Release|x86.ActiveCfg = Release|Any CPU
		{DE3567CC-3FA4-4F55-A3AA-F220D6A49C1C}.Release|x86.Build.0 = Release|Any CPU
		{A210FEC6-E551-4017-9FA3-686C35E040F7}.Debug|Any CPU.ActiveCfg = Debug|Any CPU
		{A210FEC6-E551-4017-9FA3-686C35E040F7}.Debug|Any CPU.Build.0 = Debug|Any CPU
		{A210FEC6-E551-4017-9FA3-686C35E040F7}.Debug|x86.ActiveCfg = Debug|Any CPU
		{A210FEC6-E551-4017-9FA3-686C35E040F7}.Debug|x86.Build.0 = Debug|Any CPU
		{A210FEC6-E551-4017-9FA3-686C35E040F7}.Release|Any CPU.ActiveCfg = Release|Any CPU
		{A210FEC6-E551-4017-9FA3-686C35E040F7}.Release|Any CPU.Build.0 = Release|Any CPU
		{A210FEC6-E551-4017-9FA3-686C35E040F7}.Release|x86.ActiveCfg = Release|Any CPU
		{A210FEC6-E551-4017-9FA3-686C35E040F7}.Release|x86.Build.0 = Release|Any CPU
		{880B2245-47CD-4F52-A1AC-C014A87CADFC}.Debug|Any CPU.ActiveCfg = Debug|Any CPU
		{880B2245-47CD-4F52-A1AC-C014A87CADFC}.Debug|Any CPU.Build.0 = Debug|Any CPU
		{880B2245-47CD-4F52-A1AC-C014A87CADFC}.Debug|x86.ActiveCfg = Debug|Any CPU
		{880B2245-47CD-4F52-A1AC-C014A87CADFC}.Debug|x86.Build.0 = Debug|Any CPU
		{880B2245-47CD-4F52-A1AC-C014A87CADFC}.Release|Any CPU.ActiveCfg = Release|Any CPU
		{880B2245-47CD-4F52-A1AC-C014A87CADFC}.Release|Any CPU.Build.0 = Release|Any CPU
		{880B2245-47CD-4F52-A1AC-C014A87CADFC}.Release|x86.ActiveCfg = Release|Any CPU
		{880B2245-47CD-4F52-A1AC-C014A87CADFC}.Release|x86.Build.0 = Release|Any CPU
		{8F11FCD3-8C80-4937-87A9-D756B4A77103}.Debug|Any CPU.ActiveCfg = Debug|x86
		{8F11FCD3-8C80-4937-87A9-D756B4A77103}.Debug|Any CPU.Build.0 = Debug|x86
		{8F11FCD3-8C80-4937-87A9-D756B4A77103}.Debug|x86.ActiveCfg = Debug|x86
		{8F11FCD3-8C80-4937-87A9-D756B4A77103}.Debug|x86.Build.0 = Debug|x86
		{8F11FCD3-8C80-4937-87A9-D756B4A77103}.Release|Any CPU.ActiveCfg = Release|x86
		{8F11FCD3-8C80-4937-87A9-D756B4A77103}.Release|Any CPU.Build.0 = Release|x86
		{8F11FCD3-8C80-4937-87A9-D756B4A77103}.Release|x86.ActiveCfg = Release|x86
		{8F11FCD3-8C80-4937-87A9-D756B4A77103}.Release|x86.Build.0 = Release|x86
		{348A9F74-0A5A-43F3-BEDD-E8AA871A099A}.Debug|Any CPU.ActiveCfg = Debug|Any CPU
		{348A9F74-0A5A-43F3-BEDD-E8AA871A099A}.Debug|Any CPU.Build.0 = Debug|Any CPU
		{348A9F74-0A5A-43F3-BEDD-E8AA871A099A}.Debug|x86.ActiveCfg = Debug|Any CPU
		{348A9F74-0A5A-43F3-BEDD-E8AA871A099A}.Debug|x86.Build.0 = Debug|Any CPU
		{348A9F74-0A5A-43F3-BEDD-E8AA871A099A}.Release|Any CPU.ActiveCfg = Release|Any CPU
		{348A9F74-0A5A-43F3-BEDD-E8AA871A099A}.Release|Any CPU.Build.0 = Release|Any CPU
		{348A9F74-0A5A-43F3-BEDD-E8AA871A099A}.Release|x86.ActiveCfg = Release|Any CPU
		{348A9F74-0A5A-43F3-BEDD-E8AA871A099A}.Release|x86.Build.0 = Release|Any CPU
		{8EBC2911-7950-4E5E-90E2-31EF866E8E89}.Debug|Any CPU.ActiveCfg = Debug|Any CPU
		{8EBC2911-7950-4E5E-90E2-31EF866E8E89}.Debug|Any CPU.Build.0 = Debug|Any CPU
		{8EBC2911-7950-4E5E-90E2-31EF866E8E89}.Debug|x86.ActiveCfg = Debug|Any CPU
		{8EBC2911-7950-4E5E-90E2-31EF866E8E89}.Debug|x86.Build.0 = Debug|Any CPU
		{8EBC2911-7950-4E5E-90E2-31EF866E8E89}.Release|Any CPU.ActiveCfg = Release|Any CPU
		{8EBC2911-7950-4E5E-90E2-31EF866E8E89}.Release|Any CPU.Build.0 = Release|Any CPU
		{8EBC2911-7950-4E5E-90E2-31EF866E8E89}.Release|x86.ActiveCfg = Release|Any CPU
		{8EBC2911-7950-4E5E-90E2-31EF866E8E89}.Release|x86.Build.0 = Release|Any CPU
	EndGlobalSection
	GlobalSection(SolutionProperties) = preSolution
		HideSolutionNode = FALSE
	EndGlobalSection
	GlobalSection(ExtensibilityGlobals) = postSolution
		SolutionGuid = {E0538C70-977A-4751-9DBE-FED6DD4BC974}
	EndGlobalSection
EndGlobal
